
Microsoft Visual Studio Solution File, Format Version 12.00
# Visual Studio Version 17
VisualStudioVersion = 17.12.35514.174
MinimumVisualStudioVersion = 10.0.40219.1
Project("{FAE04EC0-301F-11D3-BF4B-00C04F79EFBC}") = "TasksManagement.Web", "TasksManagement.Web\TasksManagement.Web.csproj", "{D283D806-25FA-4975-8F8B-2291D81F00EA}"
EndProject
Project("{FAE04EC0-301F-11D3-BF4B-00C04F79EFBC}") = "TasksManagement.Domain", "TasksManagement.Domain\TasksManagement.Domain.csproj", "{87F3594E-D133-4424-947B-D56D07A39443}"
EndProject
Project("{FAE04EC0-301F-11D3-BF4B-00C04F79EFBC}") = "TasksManagement.Data", "TasksManagement.Data\TasksManagement.Data.csproj", "{4C848CB8-D054-4C51-AD9D-6462129F1DD0}"
EndProject
Global
	GlobalSection(SolutionConfigurationPlatforms) = preSolution
		Debug|Any CPU = Debug|Any CPU
		Release|Any CPU = Release|Any CPU
	EndGlobalSection
	GlobalSection(ProjectConfigurationPlatforms) = postSolution
		{D283D806-25FA-4975-8F8B-2291D81F00EA}.Debug|Any CPU.ActiveCfg = Debug|Any CPU
		{D283D806-25FA-4975-8F8B-2291D81F00EA}.Debug|Any CPU.Build.0 = Debug|Any CPU
		{D283D806-25FA-4975-8F8B-2291D81F00EA}.Release|Any CPU.ActiveCfg = Release|Any CPU
		{D283D806-25FA-4975-8F8B-2291D81F00EA}.Release|Any CPU.Build.0 = Release|Any CPU
		{87F3594E-D133-4424-947B-D56D07A39443}.Debug|Any CPU.ActiveCfg = Debug|Any CPU
		{87F3594E-D133-4424-947B-D56D07A39443}.Debug|Any CPU.Build.0 = Debug|Any CPU
		{87F3594E-D133-4424-947B-D56D07A39443}.Release|Any CPU.ActiveCfg = Release|Any CPU
		{87F3594E-D133-4424-947B-D56D07A39443}.Release|Any CPU.Build.0 = Release|Any CPU
		{4C848CB8-D054-4C51-AD9D-6462129F1DD0}.Debug|Any CPU.ActiveCfg = Debug|Any CPU
		{4C848CB8-D054-4C51-AD9D-6462129F1DD0}.Debug|Any CPU.Build.0 = Debug|Any CPU
		{4C848CB8-D054-4C51-AD9D-6462129F1DD0}.Release|Any CPU.ActiveCfg = Release|Any CPU
		{4C848CB8-D054-4C51-AD9D-6462129F1DD0}.Release|Any CPU.Build.0 = Release|Any CPU
	EndGlobalSection
	GlobalSection(SolutionProperties) = preSolution
		HideSolutionNode = FALSE
	EndGlobalSection
	GlobalSection(ExtensibilityGlobals) = postSolution
		SolutionGuid = {E004CE13-4D7F-41E5-8E4D-718B0E4EBFB3}
	EndGlobalSection
EndGlobal
